
Microsoft Visual Studio Solution File, Format Version 12.00
# Visual Studio Version 16
VisualStudioVersion = 16.0.31205.134
MinimumVisualStudioVersion = 10.0.40219.1
Project("{FAE04EC0-301F-11D3-BF4B-00C04F79EFBC}") = "ex1", "ex1\ex1.csproj", "{D3FE305B-0E35-4149-B326-0C8E5B651D44}"
EndProject
Global
	GlobalSection(SolutionConfigurationPlatforms) = preSolution
		Debug|Any CPU = Debug|Any CPU
		Release|Any CPU = Release|Any CPU
	EndGlobalSection
	GlobalSection(ProjectConfigurationPlatforms) = postSolution
		{D3FE305B-0E35-4149-B326-0C8E5B651D44}.Debug|Any CPU.ActiveCfg = Debug|Any CPU
		{D3FE305B-0E35-4149-B326-0C8E5B651D44}.Debug|Any CPU.Build.0 = Debug|Any CPU
		{D3FE305B-0E35-4149-B326-0C8E5B651D44}.Release|Any CPU.ActiveCfg = Release|Any CPU
		{D3FE305B-0E35-4149-B326-0C8E5B651D44}.Release|Any CPU.Build.0 = Release|Any CPU
	EndGlobalSection
	GlobalSection(SolutionProperties) = preSolution
		HideSolutionNode = FALSE
	EndGlobalSection
	GlobalSection(ExtensibilityGlobals) = postSolution
		SolutionGuid = {C64CF44E-5D54-446A-83B6-ACE5A32E51FE}
	EndGlobalSection
EndGlobal
