
Microsoft Visual Studio Solution File, Format Version 12.00
# Visual Studio Version 16
VisualStudioVersion = 16.0.31205.134
MinimumVisualStudioVersion = 10.0.40219.1
Project("{FAE04EC0-301F-11D3-BF4B-00C04F79EFBC}") = "WinformProduct", "WinformProduct\WinformProduct.csproj", "{971ADEA7-E276-44D8-B806-4755D71B1303}"
EndProject
Global
	GlobalSection(SolutionConfigurationPlatforms) = preSolution
		Debug|Any CPU = Debug|Any CPU
		Release|Any CPU = Release|Any CPU
	EndGlobalSection
	GlobalSection(ProjectConfigurationPlatforms) = postSolution
		{971ADEA7-E276-44D8-B806-4755D71B1303}.Debug|Any CPU.ActiveCfg = Debug|Any CPU
		{971ADEA7-E276-44D8-B806-4755D71B1303}.Debug|Any CPU.Build.0 = Debug|Any CPU
		{971ADEA7-E276-44D8-B806-4755D71B1303}.Release|Any CPU.ActiveCfg = Release|Any CPU
		{971ADEA7-E276-44D8-B806-4755D71B1303}.Release|Any CPU.Build.0 = Release|Any CPU
	EndGlobalSection
	GlobalSection(SolutionProperties) = preSolution
		HideSolutionNode = FALSE
	EndGlobalSection
	GlobalSection(ExtensibilityGlobals) = postSolution
		SolutionGuid = {7AC95364-95D3-4B64-89BA-EFE042AAB9F5}
	EndGlobalSection
EndGlobal
