
Microsoft Visual Studio Solution File, Format Version 12.00
# Visual Studio Version 16
VisualStudioVersion = 16.0.31205.134
MinimumVisualStudioVersion = 10.0.40219.1
Project("{FAE04EC0-301F-11D3-BF4B-00C04F79EFBC}") = "ex3", "ex3\ex3.csproj", "{DB358564-567A-4E2C-B26E-1D5C6DC85207}"
EndProject
Global
	GlobalSection(SolutionConfigurationPlatforms) = preSolution
		Debug|Any CPU = Debug|Any CPU
		Release|Any CPU = Release|Any CPU
	EndGlobalSection
	GlobalSection(ProjectConfigurationPlatforms) = postSolution
		{DB358564-567A-4E2C-B26E-1D5C6DC85207}.Debug|Any CPU.ActiveCfg = Debug|Any CPU
		{DB358564-567A-4E2C-B26E-1D5C6DC85207}.Debug|Any CPU.Build.0 = Debug|Any CPU
		{DB358564-567A-4E2C-B26E-1D5C6DC85207}.Release|Any CPU.ActiveCfg = Release|Any CPU
		{DB358564-567A-4E2C-B26E-1D5C6DC85207}.Release|Any CPU.Build.0 = Release|Any CPU
	EndGlobalSection
	GlobalSection(SolutionProperties) = preSolution
		HideSolutionNode = FALSE
	EndGlobalSection
	GlobalSection(ExtensibilityGlobals) = postSolution
		SolutionGuid = {6C7CC1D3-DB2E-40ED-A37F-04BECDDA7EEA}
	EndGlobalSection
EndGlobal
